
Microsoft Visual Studio Solution File, Format Version 12.00
# Visual Studio Version 17
VisualStudioVersion = 17.11.35219.272
MinimumVisualStudioVersion = 10.0.40219.1
Project("{9A19103F-16F7-4668-BE54-9A1E7A4F7556}") = "Homework2_Part1", "CS155 - MiraCosta\Homework2_Part1.csproj", "{499C9C0B-9877-4359-B3EA-BA7FCC1F668F}"
EndProject
Project("{9A19103F-16F7-4668-BE54-9A1E7A4F7556}") = "Homework2_Part2", "Homework2_Part2\Homework2_Part2.csproj", "{99198EBD-A0D0-4A31-AF0D-43E0BE227020}"
EndProject
Project("{9A19103F-16F7-4668-BE54-9A1E7A4F7556}") = "Homework3_Part1", "Homework3_Part1\Homework3_Part1.csproj", "{5C8D038A-7409-4FE5-B16B-DB05674BA622}"
EndProject
Project("{9A19103F-16F7-4668-BE54-9A1E7A4F7556}") = "Homework3_Part2", "Homework3_Part2\Homework3_Part2.csproj", "{585B0EBE-AB95-4FAD-BB00-2ADC1360FA85}"
EndProject
Project("{9A19103F-16F7-4668-BE54-9A1E7A4F7556}") = "Homework3_Lab1", "Homework3_Lab1\Homework3_Lab1.csproj", "{4E5B6197-B78E-4AEA-AFDE-A67A925772C1}"
EndProject
Project("{9A19103F-16F7-4668-BE54-9A1E7A4F7556}") = "Homework4_Lab1", "Homework4_Lab1\Homework4_Lab1.csproj", "{7A3C0FDC-D920-4E1E-AF6A-41CA273DC8B2}"
EndProject
Project("{9A19103F-16F7-4668-BE54-9A1E7A4F7556}") = "Homework4_Part1", "Homework4_Part1\Homework4_Part1.csproj", "{33845194-56F1-4E41-B9F6-AAE431A4142D}"
EndProject
Project("{9A19103F-16F7-4668-BE54-9A1E7A4F7556}") = "Homework4_Part2", "Homework4_Part2\Homework4_Part2.csproj", "{339BF232-8782-4B1D-BF0E-8150FDBCC389}"
EndProject
Project("{FAE04EC0-301F-11D3-BF4B-00C04F79EFBC}") = "Homework5_Part1", "Homework5_Part1\Homework5_Part1.csproj", "{DD45DD97-90FD-4D04-83A7-46C26311221E}"
EndProject
Project("{FAE04EC0-301F-11D3-BF4B-00C04F79EFBC}") = "Homework5_Part2", "Homework5_Part2\Homework5_Part2.csproj", "{704420FE-C5BB-433D-9C73-A610DDD713E8}"
EndProject
Project("{FAE04EC0-301F-11D3-BF4B-00C04F79EFBC}") = "Homework5_Lab1", "Homework5_Lab1\Homework5_Lab1.csproj", "{A7480AC7-AC2D-4C72-AEA5-CF404226375D}"
EndProject
Global
	GlobalSection(SolutionConfigurationPlatforms) = preSolution
		Debug|Any CPU = Debug|Any CPU
		Release|Any CPU = Release|Any CPU
	EndGlobalSection
	GlobalSection(ProjectConfigurationPlatforms) = postSolution
		{499C9C0B-9877-4359-B3EA-BA7FCC1F668F}.Debug|Any CPU.ActiveCfg = Debug|Any CPU
		{499C9C0B-9877-4359-B3EA-BA7FCC1F668F}.Debug|Any CPU.Build.0 = Debug|Any CPU
		{499C9C0B-9877-4359-B3EA-BA7FCC1F668F}.Release|Any CPU.ActiveCfg = Release|Any CPU
		{499C9C0B-9877-4359-B3EA-BA7FCC1F668F}.Release|Any CPU.Build.0 = Release|Any CPU
		{99198EBD-A0D0-4A31-AF0D-43E0BE227020}.Debug|Any CPU.ActiveCfg = Debug|Any CPU
		{99198EBD-A0D0-4A31-AF0D-43E0BE227020}.Debug|Any CPU.Build.0 = Debug|Any CPU
		{99198EBD-A0D0-4A31-AF0D-43E0BE227020}.Release|Any CPU.ActiveCfg = Release|Any CPU
		{99198EBD-A0D0-4A31-AF0D-43E0BE227020}.Release|Any CPU.Build.0 = Release|Any CPU
		{5C8D038A-7409-4FE5-B16B-DB05674BA622}.Debug|Any CPU.ActiveCfg = Debug|Any CPU
		{5C8D038A-7409-4FE5-B16B-DB05674BA622}.Debug|Any CPU.Build.0 = Debug|Any CPU
		{5C8D038A-7409-4FE5-B16B-DB05674BA622}.Release|Any CPU.ActiveCfg = Release|Any CPU
		{5C8D038A-7409-4FE5-B16B-DB05674BA622}.Release|Any CPU.Build.0 = Release|Any CPU
		{585B0EBE-AB95-4FAD-BB00-2ADC1360FA85}.Debug|Any CPU.ActiveCfg = Debug|Any CPU
		{585B0EBE-AB95-4FAD-BB00-2ADC1360FA85}.Debug|Any CPU.Build.0 = Debug|Any CPU
		{585B0EBE-AB95-4FAD-BB00-2ADC1360FA85}.Release|Any CPU.ActiveCfg = Release|Any CPU
		{585B0EBE-AB95-4FAD-BB00-2ADC1360FA85}.Release|Any CPU.Build.0 = Release|Any CPU
		{4E5B6197-B78E-4AEA-AFDE-A67A925772C1}.Debug|Any CPU.ActiveCfg = Debug|Any CPU
		{4E5B6197-B78E-4AEA-AFDE-A67A925772C1}.Debug|Any CPU.Build.0 = Debug|Any CPU
		{4E5B6197-B78E-4AEA-AFDE-A67A925772C1}.Release|Any CPU.ActiveCfg = Release|Any CPU
		{4E5B6197-B78E-4AEA-AFDE-A67A925772C1}.Release|Any CPU.Build.0 = Release|Any CPU
		{7A3C0FDC-D920-4E1E-AF6A-41CA273DC8B2}.Debug|Any CPU.ActiveCfg = Debug|Any CPU
		{7A3C0FDC-D920-4E1E-AF6A-41CA273DC8B2}.Debug|Any CPU.Build.0 = Debug|Any CPU
		{7A3C0FDC-D920-4E1E-AF6A-41CA273DC8B2}.Release|Any CPU.ActiveCfg = Release|Any CPU
		{7A3C0FDC-D920-4E1E-AF6A-41CA273DC8B2}.Release|Any CPU.Build.0 = Release|Any CPU
		{33845194-56F1-4E41-B9F6-AAE431A4142D}.Debug|Any CPU.ActiveCfg = Debug|Any CPU
		{33845194-56F1-4E41-B9F6-AAE431A4142D}.Debug|Any CPU.Build.0 = Debug|Any CPU
		{33845194-56F1-4E41-B9F6-AAE431A4142D}.Release|Any CPU.ActiveCfg = Release|Any CPU
		{33845194-56F1-4E41-B9F6-AAE431A4142D}.Release|Any CPU.Build.0 = Release|Any CPU
		{339BF232-8782-4B1D-BF0E-8150FDBCC389}.Debug|Any CPU.ActiveCfg = Debug|Any CPU
		{339BF232-8782-4B1D-BF0E-8150FDBCC389}.Debug|Any CPU.Build.0 = Debug|Any CPU
		{339BF232-8782-4B1D-BF0E-8150FDBCC389}.Release|Any CPU.ActiveCfg = Release|Any CPU
		{339BF232-8782-4B1D-BF0E-8150FDBCC389}.Release|Any CPU.Build.0 = Release|Any CPU
		{DD45DD97-90FD-4D04-83A7-46C26311221E}.Debug|Any CPU.ActiveCfg = Debug|Any CPU
		{DD45DD97-90FD-4D04-83A7-46C26311221E}.Debug|Any CPU.Build.0 = Debug|Any CPU
		{DD45DD97-90FD-4D04-83A7-46C26311221E}.Release|Any CPU.ActiveCfg = Release|Any CPU
		{DD45DD97-90FD-4D04-83A7-46C26311221E}.Release|Any CPU.Build.0 = Release|Any CPU
		{704420FE-C5BB-433D-9C73-A610DDD713E8}.Debug|Any CPU.ActiveCfg = Debug|Any CPU
		{704420FE-C5BB-433D-9C73-A610DDD713E8}.Debug|Any CPU.Build.0 = Debug|Any CPU
		{704420FE-C5BB-433D-9C73-A610DDD713E8}.Release|Any CPU.ActiveCfg = Release|Any CPU
		{704420FE-C5BB-433D-9C73-A610DDD713E8}.Release|Any CPU.Build.0 = Release|Any CPU
		{A7480AC7-AC2D-4C72-AEA5-CF404226375D}.Debug|Any CPU.ActiveCfg = Debug|Any CPU
		{A7480AC7-AC2D-4C72-AEA5-CF404226375D}.Debug|Any CPU.Build.0 = Debug|Any CPU
		{A7480AC7-AC2D-4C72-AEA5-CF404226375D}.Release|Any CPU.ActiveCfg = Release|Any CPU
		{A7480AC7-AC2D-4C72-AEA5-CF404226375D}.Release|Any CPU.Build.0 = Release|Any CPU
	EndGlobalSection
	GlobalSection(SolutionProperties) = preSolution
		HideSolutionNode = FALSE
	EndGlobalSection
	GlobalSection(ExtensibilityGlobals) = postSolution
		SolutionGuid = {6FF85833-461C-4A94-9A3D-B3800BB0900C}
	EndGlobalSection
EndGlobal
