
Microsoft Visual Studio Solution File, Format Version 12.00
# Visual Studio Version 17
VisualStudioVersion = 17.11.35219.272
MinimumVisualStudioVersion = 10.0.40219.1
Project("{9A19103F-16F7-4668-BE54-9A1E7A4F7556}") = "Homework2_Part1", "CS155 - MiraCosta\Homework2_Part1.csproj", "{499C9C0B-9877-4359-B3EA-BA7FCC1F668F}"
EndProject
Project("{9A19103F-16F7-4668-BE54-9A1E7A4F7556}") = "Homework2_Part2", "Homework2_Part2\Homework2_Part2.csproj", "{99198EBD-A0D0-4A31-AF0D-43E0BE227020}"
EndProject
Project("{9A19103F-16F7-4668-BE54-9A1E7A4F7556}") = "Homework3_Part1", "Homework3_Part1\Homework3_Part1.csproj", "{5C8D038A-7409-4FE5-B16B-DB05674BA622}"
EndProject
Project("{9A19103F-16F7-4668-BE54-9A1E7A4F7556}") = "Homework3_Part2", "Homework3_Part2\Homework3_Part2.csproj", "{585B0EBE-AB95-4FAD-BB00-2ADC1360FA85}"
EndProject
Project("{9A19103F-16F7-4668-BE54-9A1E7A4F7556}") = "Homework3_Lab1", "Homework3_Lab1\Homework3_Lab1.csproj", "{4E5B6197-B78E-4AEA-AFDE-A67A925772C1}"
EndProject
Project("{9A19103F-16F7-4668-BE54-9A1E7A4F7556}") = "Homework4_Lab1", "Homework4_Lab1\Homework4_Lab1.csproj", "{7A3C0FDC-D920-4E1E-AF6A-41CA273DC8B2}"
EndProject
Project("{9A19103F-16F7-4668-BE54-9A1E7A4F7556}") = "Homework4_Part1", "Homework4_Part1\Homework4_Part1.csproj", "{33845194-56F1-4E41-B9F6-AAE431A4142D}"
EndProject
Project("{9A19103F-16F7-4668-BE54-9A1E7A4F7556}") = "Homework4_Part2", "Homework4_Part2\Homework4_Part2.csproj", "{339BF232-8782-4B1D-BF0E-8150FDBCC389}"
EndProject
Project("{9A19103F-16F7-4668-BE54-9A1E7A4F7556}") = "Homework5_Part1", "Homework5_Part1\Homework5_Part1.csproj", "{DD45DD97-90FD-4D04-83A7-46C26311221E}"
EndProject
Project("{9A19103F-16F7-4668-BE54-9A1E7A4F7556}") = "Homework5_Part2", "Homework5_Part2\Homework5_Part2.csproj", "{704420FE-C5BB-433D-9C73-A610DDD713E8}"
EndProject
Project("{9A19103F-16F7-4668-BE54-9A1E7A4F7556}") = "Homework5_Lab1", "Homework5_Lab1\Homework5_Lab1.csproj", "{A7480AC7-AC2D-4C72-AEA5-CF404226375D}"
EndProject
Project("{9A19103F-16F7-4668-BE54-9A1E7A4F7556}") = "Homework6_Lab1", "Homework6_Lab1\Homework6_Lab1.csproj", "{8C97F449-716A-4BB2-9CC1-BD9217E9ACF0}"
EndProject
Project("{9A19103F-16F7-4668-BE54-9A1E7A4F7556}") = "Homework6_Part1", "Homework6_Part1\Homework6_Part1.csproj", "{E987B789-127C-4408-B972-6CEB14A46AC2}"
EndProject
Project("{9A19103F-16F7-4668-BE54-9A1E7A4F7556}") = "Homework7_Part1", "Homework7_Part1\Homework7_Part1.csproj", "{4683755E-8AD7-4C8A-B29B-172982755EC2}"
EndProject
Project("{9A19103F-16F7-4668-BE54-9A1E7A4F7556}") = "Homework7_Lab1", "Homework7_Lab1\Homework7_Lab1.csproj", "{F6B04009-F32D-4F4F-AD04-4F3C95C08E6F}"
EndProject
Project("{9A19103F-16F7-4668-BE54-9A1E7A4F7556}") = "Homework8_Part1", "Homework8_Part1\Homework8_Part1.csproj", "{9361BBB4-63F7-4BD0-8F63-A4B0D2DA34F0}"
EndProject
Project("{9A19103F-16F7-4668-BE54-9A1E7A4F7556}") = "Homework9_Part1", "Homework9_Part1\Homework9_Part1.csproj", "{59A30C0C-9627-4141-874B-AE76B1C2AB61}"
EndProject
Project("{9A19103F-16F7-4668-BE54-9A1E7A4F7556}") = "Homework9_Lab1", "Homework9_Lab1\Homework9_Lab1.csproj", "{3F537601-C993-49A8-8BFE-CA6B88FF379A}"
EndProject
Project("{9A19103F-16F7-4668-BE54-9A1E7A4F7556}") = "Homework10_Part1", "Homework10_Part1\Homework10_Part1.csproj", "{9B84F1A9-F700-4B7C-91C9-CF464EB5EF4E}"
EndProject
Project("{9A19103F-16F7-4668-BE54-9A1E7A4F7556}") = "Homework10_Lab1", "Homework10_Lab1\Homework10_Lab1.csproj", "{5B3D0B97-003E-48AE-A88C-837EF2E27A7F}"
EndProject
Project("{9A19103F-16F7-4668-BE54-9A1E7A4F7556}") = "Homework11_Part1", "Homework11_Part1\Homework11_Part1.csproj", "{BA8EA8D7-7D21-4F06-8D20-32A28E3D9F6A}"
EndProject
Project("{FAE04EC0-301F-11D3-BF4B-00C04F79EFBC}") = "Homework12_Lab1", "Homework12_Lab1\Homework12_Lab1.csproj", "{FB03B701-A6AD-4327-8B9F-A529BA4AA259}"
EndProject
Global
	GlobalSection(SolutionConfigurationPlatforms) = preSolution
		Debug|Any CPU = Debug|Any CPU
		Release|Any CPU = Release|Any CPU
	EndGlobalSection
	GlobalSection(ProjectConfigurationPlatforms) = postSolution
		{499C9C0B-9877-4359-B3EA-BA7FCC1F668F}.Debug|Any CPU.ActiveCfg = Debug|Any CPU
		{499C9C0B-9877-4359-B3EA-BA7FCC1F668F}.Debug|Any CPU.Build.0 = Debug|Any CPU
		{499C9C0B-9877-4359-B3EA-BA7FCC1F668F}.Release|Any CPU.ActiveCfg = Release|Any CPU
		{499C9C0B-9877-4359-B3EA-BA7FCC1F668F}.Release|Any CPU.Build.0 = Release|Any CPU
		{99198EBD-A0D0-4A31-AF0D-43E0BE227020}.Debug|Any CPU.ActiveCfg = Debug|Any CPU
		{99198EBD-A0D0-4A31-AF0D-43E0BE227020}.Debug|Any CPU.Build.0 = Debug|Any CPU
		{99198EBD-A0D0-4A31-AF0D-43E0BE227020}.Release|Any CPU.ActiveCfg = Release|Any CPU
		{99198EBD-A0D0-4A31-AF0D-43E0BE227020}.Release|Any CPU.Build.0 = Release|Any CPU
		{5C8D038A-7409-4FE5-B16B-DB05674BA622}.Debug|Any CPU.ActiveCfg = Debug|Any CPU
		{5C8D038A-7409-4FE5-B16B-DB05674BA622}.Debug|Any CPU.Build.0 = Debug|Any CPU
		{5C8D038A-7409-4FE5-B16B-DB05674BA622}.Release|Any CPU.ActiveCfg = Release|Any CPU
		{5C8D038A-7409-4FE5-B16B-DB05674BA622}.Release|Any CPU.Build.0 = Release|Any CPU
		{585B0EBE-AB95-4FAD-BB00-2ADC1360FA85}.Debug|Any CPU.ActiveCfg = Debug|Any CPU
		{585B0EBE-AB95-4FAD-BB00-2ADC1360FA85}.Debug|Any CPU.Build.0 = Debug|Any CPU
		{585B0EBE-AB95-4FAD-BB00-2ADC1360FA85}.Release|Any CPU.ActiveCfg = Release|Any CPU
		{585B0EBE-AB95-4FAD-BB00-2ADC1360FA85}.Release|Any CPU.Build.0 = Release|Any CPU
		{4E5B6197-B78E-4AEA-AFDE-A67A925772C1}.Debug|Any CPU.ActiveCfg = Debug|Any CPU
		{4E5B6197-B78E-4AEA-AFDE-A67A925772C1}.Debug|Any CPU.Build.0 = Debug|Any CPU
		{4E5B6197-B78E-4AEA-AFDE-A67A925772C1}.Release|Any CPU.ActiveCfg = Release|Any CPU
		{4E5B6197-B78E-4AEA-AFDE-A67A925772C1}.Release|Any CPU.Build.0 = Release|Any CPU
		{7A3C0FDC-D920-4E1E-AF6A-41CA273DC8B2}.Debug|Any CPU.ActiveCfg = Debug|Any CPU
		{7A3C0FDC-D920-4E1E-AF6A-41CA273DC8B2}.Debug|Any CPU.Build.0 = Debug|Any CPU
		{7A3C0FDC-D920-4E1E-AF6A-41CA273DC8B2}.Release|Any CPU.ActiveCfg = Release|Any CPU
		{7A3C0FDC-D920-4E1E-AF6A-41CA273DC8B2}.Release|Any CPU.Build.0 = Release|Any CPU
		{33845194-56F1-4E41-B9F6-AAE431A4142D}.Debug|Any CPU.ActiveCfg = Debug|Any CPU
		{33845194-56F1-4E41-B9F6-AAE431A4142D}.Debug|Any CPU.Build.0 = Debug|Any CPU
		{33845194-56F1-4E41-B9F6-AAE431A4142D}.Release|Any CPU.ActiveCfg = Release|Any CPU
		{33845194-56F1-4E41-B9F6-AAE431A4142D}.Release|Any CPU.Build.0 = Release|Any CPU
		{339BF232-8782-4B1D-BF0E-8150FDBCC389}.Debug|Any CPU.ActiveCfg = Debug|Any CPU
		{339BF232-8782-4B1D-BF0E-8150FDBCC389}.Debug|Any CPU.Build.0 = Debug|Any CPU
		{339BF232-8782-4B1D-BF0E-8150FDBCC389}.Release|Any CPU.ActiveCfg = Release|Any CPU
		{339BF232-8782-4B1D-BF0E-8150FDBCC389}.Release|Any CPU.Build.0 = Release|Any CPU
		{DD45DD97-90FD-4D04-83A7-46C26311221E}.Debug|Any CPU.ActiveCfg = Debug|Any CPU
		{DD45DD97-90FD-4D04-83A7-46C26311221E}.Debug|Any CPU.Build.0 = Debug|Any CPU
		{DD45DD97-90FD-4D04-83A7-46C26311221E}.Release|Any CPU.ActiveCfg = Release|Any CPU
		{DD45DD97-90FD-4D04-83A7-46C26311221E}.Release|Any CPU.Build.0 = Release|Any CPU
		{704420FE-C5BB-433D-9C73-A610DDD713E8}.Debug|Any CPU.ActiveCfg = Debug|Any CPU
		{704420FE-C5BB-433D-9C73-A610DDD713E8}.Debug|Any CPU.Build.0 = Debug|Any CPU
		{704420FE-C5BB-433D-9C73-A610DDD713E8}.Release|Any CPU.ActiveCfg = Release|Any CPU
		{704420FE-C5BB-433D-9C73-A610DDD713E8}.Release|Any CPU.Build.0 = Release|Any CPU
		{A7480AC7-AC2D-4C72-AEA5-CF404226375D}.Debug|Any CPU.ActiveCfg = Debug|Any CPU
		{A7480AC7-AC2D-4C72-AEA5-CF404226375D}.Debug|Any CPU.Build.0 = Debug|Any CPU
		{A7480AC7-AC2D-4C72-AEA5-CF404226375D}.Release|Any CPU.ActiveCfg = Release|Any CPU
		{A7480AC7-AC2D-4C72-AEA5-CF404226375D}.Release|Any CPU.Build.0 = Release|Any CPU
		{8C97F449-716A-4BB2-9CC1-BD9217E9ACF0}.Debug|Any CPU.ActiveCfg = Debug|Any CPU
		{8C97F449-716A-4BB2-9CC1-BD9217E9ACF0}.Debug|Any CPU.Build.0 = Debug|Any CPU
		{8C97F449-716A-4BB2-9CC1-BD9217E9ACF0}.Release|Any CPU.ActiveCfg = Release|Any CPU
		{8C97F449-716A-4BB2-9CC1-BD9217E9ACF0}.Release|Any CPU.Build.0 = Release|Any CPU
		{E987B789-127C-4408-B972-6CEB14A46AC2}.Debug|Any CPU.ActiveCfg = Debug|Any CPU
		{E987B789-127C-4408-B972-6CEB14A46AC2}.Debug|Any CPU.Build.0 = Debug|Any CPU
		{E987B789-127C-4408-B972-6CEB14A46AC2}.Release|Any CPU.ActiveCfg = Release|Any CPU
		{E987B789-127C-4408-B972-6CEB14A46AC2}.Release|Any CPU.Build.0 = Release|Any CPU
		{4683755E-8AD7-4C8A-B29B-172982755EC2}.Debug|Any CPU.ActiveCfg = Debug|Any CPU
		{4683755E-8AD7-4C8A-B29B-172982755EC2}.Debug|Any CPU.Build.0 = Debug|Any CPU
		{4683755E-8AD7-4C8A-B29B-172982755EC2}.Release|Any CPU.ActiveCfg = Release|Any CPU
		{4683755E-8AD7-4C8A-B29B-172982755EC2}.Release|Any CPU.Build.0 = Release|Any CPU
		{F6B04009-F32D-4F4F-AD04-4F3C95C08E6F}.Debug|Any CPU.ActiveCfg = Debug|Any CPU
		{F6B04009-F32D-4F4F-AD04-4F3C95C08E6F}.Debug|Any CPU.Build.0 = Debug|Any CPU
		{F6B04009-F32D-4F4F-AD04-4F3C95C08E6F}.Release|Any CPU.ActiveCfg = Release|Any CPU
		{F6B04009-F32D-4F4F-AD04-4F3C95C08E6F}.Release|Any CPU.Build.0 = Release|Any CPU
		{9361BBB4-63F7-4BD0-8F63-A4B0D2DA34F0}.Debug|Any CPU.ActiveCfg = Debug|Any CPU
		{9361BBB4-63F7-4BD0-8F63-A4B0D2DA34F0}.Debug|Any CPU.Build.0 = Debug|Any CPU
		{9361BBB4-63F7-4BD0-8F63-A4B0D2DA34F0}.Release|Any CPU.ActiveCfg = Release|Any CPU
		{9361BBB4-63F7-4BD0-8F63-A4B0D2DA34F0}.Release|Any CPU.Build.0 = Release|Any CPU
		{59A30C0C-9627-4141-874B-AE76B1C2AB61}.Debug|Any CPU.ActiveCfg = Debug|Any CPU
		{59A30C0C-9627-4141-874B-AE76B1C2AB61}.Debug|Any CPU.Build.0 = Debug|Any CPU
		{59A30C0C-9627-4141-874B-AE76B1C2AB61}.Release|Any CPU.ActiveCfg = Release|Any CPU
		{59A30C0C-9627-4141-874B-AE76B1C2AB61}.Release|Any CPU.Build.0 = Release|Any CPU
		{3F537601-C993-49A8-8BFE-CA6B88FF379A}.Debug|Any CPU.ActiveCfg = Debug|Any CPU
		{3F537601-C993-49A8-8BFE-CA6B88FF379A}.Debug|Any CPU.Build.0 = Debug|Any CPU
		{3F537601-C993-49A8-8BFE-CA6B88FF379A}.Release|Any CPU.ActiveCfg = Release|Any CPU
		{3F537601-C993-49A8-8BFE-CA6B88FF379A}.Release|Any CPU.Build.0 = Release|Any CPU
		{9B84F1A9-F700-4B7C-91C9-CF464EB5EF4E}.Debug|Any CPU.ActiveCfg = Debug|Any CPU
		{9B84F1A9-F700-4B7C-91C9-CF464EB5EF4E}.Debug|Any CPU.Build.0 = Debug|Any CPU
		{9B84F1A9-F700-4B7C-91C9-CF464EB5EF4E}.Release|Any CPU.ActiveCfg = Release|Any CPU
		{9B84F1A9-F700-4B7C-91C9-CF464EB5EF4E}.Release|Any CPU.Build.0 = Release|Any CPU
		{5B3D0B97-003E-48AE-A88C-837EF2E27A7F}.Debug|Any CPU.ActiveCfg = Debug|Any CPU
		{5B3D0B97-003E-48AE-A88C-837EF2E27A7F}.Debug|Any CPU.Build.0 = Debug|Any CPU
		{5B3D0B97-003E-48AE-A88C-837EF2E27A7F}.Release|Any CPU.ActiveCfg = Release|Any CPU
		{5B3D0B97-003E-48AE-A88C-837EF2E27A7F}.Release|Any CPU.Build.0 = Release|Any CPU
		{BA8EA8D7-7D21-4F06-8D20-32A28E3D9F6A}.Debug|Any CPU.ActiveCfg = Debug|Any CPU
		{BA8EA8D7-7D21-4F06-8D20-32A28E3D9F6A}.Debug|Any CPU.Build.0 = Debug|Any CPU
		{BA8EA8D7-7D21-4F06-8D20-32A28E3D9F6A}.Release|Any CPU.ActiveCfg = Release|Any CPU
		{BA8EA8D7-7D21-4F06-8D20-32A28E3D9F6A}.Release|Any CPU.Build.0 = Release|Any CPU
		{FB03B701-A6AD-4327-8B9F-A529BA4AA259}.Debug|Any CPU.ActiveCfg = Debug|Any CPU
		{FB03B701-A6AD-4327-8B9F-A529BA4AA259}.Debug|Any CPU.Build.0 = Debug|Any CPU
		{FB03B701-A6AD-4327-8B9F-A529BA4AA259}.Release|Any CPU.ActiveCfg = Release|Any CPU
		{FB03B701-A6AD-4327-8B9F-A529BA4AA259}.Release|Any CPU.Build.0 = Release|Any CPU
	EndGlobalSection
	GlobalSection(SolutionProperties) = preSolution
		HideSolutionNode = FALSE
	EndGlobalSection
	GlobalSection(ExtensibilityGlobals) = postSolution
		SolutionGuid = {6FF85833-461C-4A94-9A3D-B3800BB0900C}
	EndGlobalSection
EndGlobal
